
Microsoft Visual Studio Solution File, Format Version 12.00
# Visual Studio Version 17
VisualStudioVersion = 17.1.32210.238
MinimumVisualStudioVersion = 10.0.40219.1
Project("{9A19103F-16F7-4668-BE54-9A1E7A4F7556}") = "BookingService", "BookingService\BookingService.csproj", "{AC4D823B-B816-44AB-9431-7F8EFBD73AAF}"
EndProject
Project("{9A19103F-16F7-4668-BE54-9A1E7A4F7556}") = "BookingService.Core", "BookingService.Core\BookingService.Core.csproj", "{032CAF3C-0834-49A2-9037-365290EFAF29}"
EndProject
Project("{9A19103F-16F7-4668-BE54-9A1E7A4F7556}") = "BookingService.Infrastructure", "BookingService.Infrastructure\BookingService.Infrastructure.csproj", "{4E651DEF-56A6-40B1-A5C4-1E34108B07C4}"
EndProject
Project("{FAE04EC0-301F-11D3-BF4B-00C04F79EFBC}") = "BookingService.Api", "BookingService.Api\BookingService.Api.csproj", "{05D4EA29-7357-4903-B488-9E6DC94E6564}"
EndProject
Global
	GlobalSection(SolutionConfigurationPlatforms) = preSolution
		Debug|Any CPU = Debug|Any CPU
		Release|Any CPU = Release|Any CPU
	EndGlobalSection
	GlobalSection(ProjectConfigurationPlatforms) = postSolution
		{AC4D823B-B816-44AB-9431-7F8EFBD73AAF}.Debug|Any CPU.ActiveCfg = Debug|Any CPU
		{AC4D823B-B816-44AB-9431-7F8EFBD73AAF}.Debug|Any CPU.Build.0 = Debug|Any CPU
		{AC4D823B-B816-44AB-9431-7F8EFBD73AAF}.Release|Any CPU.ActiveCfg = Release|Any CPU
		{AC4D823B-B816-44AB-9431-7F8EFBD73AAF}.Release|Any CPU.Build.0 = Release|Any CPU
		{032CAF3C-0834-49A2-9037-365290EFAF29}.Debug|Any CPU.ActiveCfg = Debug|Any CPU
		{032CAF3C-0834-49A2-9037-365290EFAF29}.Debug|Any CPU.Build.0 = Debug|Any CPU
		{032CAF3C-0834-49A2-9037-365290EFAF29}.Release|Any CPU.ActiveCfg = Release|Any CPU
		{032CAF3C-0834-49A2-9037-365290EFAF29}.Release|Any CPU.Build.0 = Release|Any CPU
		{4E651DEF-56A6-40B1-A5C4-1E34108B07C4}.Debug|Any CPU.ActiveCfg = Debug|Any CPU
		{4E651DEF-56A6-40B1-A5C4-1E34108B07C4}.Debug|Any CPU.Build.0 = Debug|Any CPU
		{4E651DEF-56A6-40B1-A5C4-1E34108B07C4}.Release|Any CPU.ActiveCfg = Release|Any CPU
		{4E651DEF-56A6-40B1-A5C4-1E34108B07C4}.Release|Any CPU.Build.0 = Release|Any CPU
		{05D4EA29-7357-4903-B488-9E6DC94E6564}.Debug|Any CPU.ActiveCfg = Debug|Any CPU
		{05D4EA29-7357-4903-B488-9E6DC94E6564}.Debug|Any CPU.Build.0 = Debug|Any CPU
		{05D4EA29-7357-4903-B488-9E6DC94E6564}.Release|Any CPU.ActiveCfg = Release|Any CPU
		{05D4EA29-7357-4903-B488-9E6DC94E6564}.Release|Any CPU.Build.0 = Release|Any CPU
	EndGlobalSection
	GlobalSection(SolutionProperties) = preSolution
		HideSolutionNode = FALSE
	EndGlobalSection
	GlobalSection(ExtensibilityGlobals) = postSolution
		SolutionGuid = {61C1AC76-C871-4BCB-AEF2-D50FA73AEF04}
	EndGlobalSection
EndGlobal
